{
  "name": "@openclaw-vk/vk-workspace",
  "version": "0.1.8",
  "lockfileVersion": 3,
  "requires": true,
  "packages": {
    "": {
      "name": "@openclaw-vk/vk-workspace",
      "version": "0.1.8",
      "license": "Apache-2.0",
      "engines": {
        "node": ">=24.16.0 <25 || >=26.1.0"
      },
      "peerDependencies": {
        "openclaw": ">=2026.9.3 <2027"
      },
      "peerDependenciesMeta": {
        "openclaw": {
          "optional": true
        }
      }
    }
  }
}
